
Microsoft Visual Studio Solution File, Format Version 12.00
# Visual Studio Version 16
VisualStudioVersion = 16.0.29905.134
MinimumVisualStudioVersion = 10.0.40219.1
Project("{8BC9CEB8-8B4A-11D0-8D11-00A0C91BC942}") = "11724", "11724.vcxproj", "{04BDA66E-A640-4ADB-86B9-5E8C2509967D}"
EndProject
Global
	GlobalSection(SolutionConfigurationPlatforms) = preSolution
		Debug|x64 = Debug|x64
		Debug|x86 = Debug|x86
		Release|x64 = Release|x64
		Release|x86 = Release|x86
	EndGlobalSection
	GlobalSection(ProjectConfigurationPlatforms) = postSolution
		{04BDA66E-A640-4ADB-86B9-5E8C2509967D}.Debug|x64.ActiveCfg = Debug|x64
		{04BDA66E-A640-4ADB-86B9-5E8C2509967D}.Debug|x64.Build.0 = Debug|x64
		{04BDA66E-A640-4ADB-86B9-5E8C2509967D}.Debug|x86.ActiveCfg = Debug|Win32
		{04BDA66E-A640-4ADB-86B9-5E8C2509967D}.Debug|x86.Build.0 = Debug|Win32
		{04BDA66E-A640-4ADB-86B9-5E8C2509967D}.Release|x64.ActiveCfg = Release|x64
		{04BDA66E-A640-4ADB-86B9-5E8C2509967D}.Release|x64.Build.0 = Release|x64
		{04BDA66E-A640-4ADB-86B9-5E8C2509967D}.Release|x86.ActiveCfg = Release|Win32
		{04BDA66E-A640-4ADB-86B9-5E8C2509967D}.Release|x86.Build.0 = Release|Win32
	EndGlobalSection
	GlobalSection(SolutionProperties) = preSolution
		HideSolutionNode = FALSE
	EndGlobalSection
	GlobalSection(ExtensibilityGlobals) = postSolution
		SolutionGuid = {65762FD7-7BC8-4270-BA75-4BE4CCEE3132}
	EndGlobalSection
EndGlobal
